{
  "name": "@eicrud/client",
  "version": "0.1.1",
  "lockfileVersion": 3,
  "requires": true,
  "packages": {
    "": {
      "name": "@eicrud/client",
      "version": "0.1.1",
      "license": "MIT",
      "peerDependencies": {
        "@eicrud/shared": "^0.1.6"
      }
    },
    "node_modules/@eicrud/shared": {
      "version": "0.1.6",
      "resolved": "http://localhost:4873/@eicrud/shared/-/shared-0.1.6.tgz",
      "integrity": "sha512-ICZ+wH9BRhq4yhkPm9mr7A8JfvCoWbToXYb5Fd5IUJEOO8tfptAlqfcQIcCNMgfz+Cs+aLO0/3bEepySwwRTiA==",
      "peer": true
    }
  }
}
